
Microsoft Visual Studio Solution File, Format Version 12.00
# Visual Studio Version 16
VisualStudioVersion = 16.0.31129.286
MinimumVisualStudioVersion = 10.0.40219.1
Project("{FAE04EC0-301F-11D3-BF4B-00C04F79EFBC}") = "DS01_LinearSearch", "DS01_LinearSearch\DS01_LinearSearch.csproj", "{588862BA-3F90-4114-8183-515583855C91}"
EndProject
Global
	GlobalSection(SolutionConfigurationPlatforms) = preSolution
		Debug|Any CPU = Debug|Any CPU
		Release|Any CPU = Release|Any CPU
	EndGlobalSection
	GlobalSection(ProjectConfigurationPlatforms) = postSolution
		{588862BA-3F90-4114-8183-515583855C91}.Debug|Any CPU.ActiveCfg = Debug|Any CPU
		{588862BA-3F90-4114-8183-515583855C91}.Debug|Any CPU.Build.0 = Debug|Any CPU
		{588862BA-3F90-4114-8183-515583855C91}.Release|Any CPU.ActiveCfg = Release|Any CPU
		{588862BA-3F90-4114-8183-515583855C91}.Release|Any CPU.Build.0 = Release|Any CPU
	EndGlobalSection
	GlobalSection(SolutionProperties) = preSolution
		HideSolutionNode = FALSE
	EndGlobalSection
	GlobalSection(ExtensibilityGlobals) = postSolution
		SolutionGuid = {6BD153BF-D9A9-44B3-8F49-83F2731A7F0A}
	EndGlobalSection
EndGlobal
